{
  "name": "traceos",
  "version": "1.0.0",
  "lockfileVersion": 3,
  "requires": true,
  "packages": {
    "": {
      "name": "traceos",
      "version": "1.0.0",
      "license": "ISC",
      "dependencies": {
        "@decisiongraph/core": "^0.4.2"
      }
    },
    "node_modules/@decisiongraph/core": {
      "version": "0.4.2",
      "resolved": "https://registry.npmjs.org/@decisiongraph/core/-/core-0.4.2.tgz",
      "integrity": "sha512-yMIq61+wkDvMKtBGcOXbILcxXOq/mX10pUZgMCrDUmIQq1CniHKUTRpppsi2EB4IaPLEM0gAWrS6/+4qrGCuCA==",
      "license": "MIT"
    }
  }
}
